{
  "object": {
    "pins": [
      {
        "package": "IGListKit",
        "repositoryURL": "https://github.com/3a4oT/IGListKit",
        "state": {
          "branch": "spmNumber10",
          "revision": "20fb85f38b940b4ad71c4ed1c4a15f4a99b0df94",
          "version": null
        }
      },
      {
        "package": "libwebp",
        "repositoryURL": "https://github.com/SDWebImage/libwebp-Xcode",
        "state": {
          "branch": null,
          "revision": "289862b9466243cdec407997d4cb8ba529359a99",
          "version": "1.2.0"
        }
      },
      {
        "package": "PINCache",
        "repositoryURL": "https://github.com/pinterest/PINCache.git",
        "state": {
          "branch": null,
          "revision": "875c654984fb52b47ca65ae70d24852b0003ccd9",
          "version": "3.0.3"
        }
      },
      {
        "package": "PINOperation",
        "repositoryURL": "https://github.com/pinterest/PINOperation.git",
        "state": {
          "branch": null,
          "revision": "44d8ca154a4e75a028a5548c31ff3a53b90cef15",
          "version": "1.2.1"
        }
      },
      {
        "package": "PINRemoteImage",
        "repositoryURL": "https://github.com/pinterest/PINRemoteImage.git",
        "state": {
          "branch": "master",
          "revision": "93428e8b6e797d27d1f57425937c0e094d0f4ad8",
          "version": null
        }
      },
      {
        "package": "RxDataSources",
        "repositoryURL": "https://github.com/RxSwiftCommunity/RxDataSources.git",
        "state": {
          "branch": null,
          "revision": "e4627ac4f5a8dc10719030561801825c443acfec",
          "version": "5.0.1"
        }
      },
      {
        "package": "RxSwift",
        "repositoryURL": "https://github.com/ReactiveX/RxSwift.git",
        "state": {
          "branch": null,
          "revision": "7c17a6ccca06b5c107cfa4284e634562ddaf5951",
          "version": "6.2.0"
        }
      },
      {
        "package": "Texture",
        "repositoryURL": "https://github.com/3a4oT/Texture.git",
        "state": {
          "branch": null,
          "revision": "f06cc18ff0723091bcd25bf87b19f678968dad48",
          "version": null
        }
      }
    ]
  },
  "version": 1
}
